
Microsoft Visual Studio Solution File, Format Version 12.00
# Visual Studio Version 16
VisualStudioVersion = 16.0.34931.43
MinimumVisualStudioVersion = 10.0.40219.1
Project("{FAE04EC0-301F-11D3-BF4B-00C04F79EFBC}") = "MineUTF3_0", "MineUTF3_0\MineUTF3_0.csproj", "{B2A012BF-9533-45F7-8E1A-27FC06E2E107}"
EndProject
Global
	GlobalSection(SolutionConfigurationPlatforms) = preSolution
		Debug|Any CPU = Debug|Any CPU
		Release|Any CPU = Release|Any CPU
	EndGlobalSection
	GlobalSection(ProjectConfigurationPlatforms) = postSolution
		{B2A012BF-9533-45F7-8E1A-27FC06E2E107}.Debug|Any CPU.ActiveCfg = Debug|Any CPU
		{B2A012BF-9533-45F7-8E1A-27FC06E2E107}.Debug|Any CPU.Build.0 = Debug|Any CPU
		{B2A012BF-9533-45F7-8E1A-27FC06E2E107}.Release|Any CPU.ActiveCfg = Release|Any CPU
		{B2A012BF-9533-45F7-8E1A-27FC06E2E107}.Release|Any CPU.Build.0 = Release|Any CPU
	EndGlobalSection
	GlobalSection(SolutionProperties) = preSolution
		HideSolutionNode = FALSE
	EndGlobalSection
	GlobalSection(ExtensibilityGlobals) = postSolution
		SolutionGuid = {88DA2224-87ED-458D-BC72-2FF3A94FF683}
	EndGlobalSection
EndGlobal
